// !$*UTF8*$!
{
	archiveVersion = 1;
	classes = {
	};
	objectVersion = 46;
	objects = {

/* Begin PBXBuildFile section */
		DC1C30A01B5E4142007AF986 /* main.m in Sources */ = {isa = PBXBuildFile; fileRef = DC1C309F1B5E4142007AF986 /* main.m */; };
		DC1C30A31B5E4142007AF986 /* AppDelegate.m in Sources */ = {isa = PBXBuildFile; fileRef = DC1C30A21B5E4142007AF986 /* AppDelegate.m */; };
		DC1C30A61B5E4142007AF986 /* ViewController.m in Sources */ = {isa = PBXBuildFile; fileRef = DC1C30A51B5E4142007AF986 /* ViewController.m */; };
		DC1C30A91B5E4142007AF986 /* Main.storyboard in Resources */ = {isa = PBXBuildFile; fileRef = DC1C30A71B5E4142007AF986 /* Main.storyboard */; };
		DC1C30AB1B5E4142007AF986 /* Images.xcassets in Resources */ = {isa = PBXBuildFile; fileRef = DC1C30AA1B5E4142007AF986 /* Images.xcassets */; };
		DC1C30AE1B5E4142007AF986 /* LaunchScreen.xib in Resources */ = {isa = PBXBuildFile; fileRef = DC1C30AC1B5E4142007AF986 /* LaunchScreen.xib */; };
		DC1C30BA1B5E4142007AF986 /* TextProgressTests.m in Sources */ = {isa = PBXBuildFile; fileRef = DC1C30B91B5E4142007AF986 /* TextProgressTests.m */; };
		DC1C30C51B5E45D8007AF986 /* TextProgressView.m in Sources */ = {isa = PBXBuildFile; fileRef = DC1C30C41B5E45D8007AF986 /* TextProgressView.m */; };
		DC1C30C71B5E48C6007AF986 /* CoreText.framework in Frameworks */ = {isa = PBXBuildFile; fileRef = DC1C30C61B5E48C6007AF986 /* CoreText.framework */; };
/* End PBXBuildFile section */

/* Begin PBXContainerItemProxy section */
		DC1C30B41B5E4142007AF986 /* PBXContainerItemProxy */ = {
			isa = PBXContainerItemProxy;
			containerPortal = DC1C30921B5E4142007AF986 /* Project object */;
			proxyType = 1;
			remoteGlobalIDString = DC1C30991B5E4142007AF986;
			remoteInfo = TextProgress;
		};
/* End PBXContainerItemProxy section */

/* Begin PBXFileReference section */
		DC1C309A1B5E4142007AF986 /* TextProgress.app */ = {isa = PBXFileReference; explicitFileType = wrapper.application; includeInIndex = 0; path = TextProgress.app; sourceTree = BUILT_PRODUCTS_DIR; };
		DC1C309E1B5E4142007AF986 /* Info.plist */ = {isa = PBXFileReference; lastKnownFileType = text.plist.xml; path = Info.plist; sourceTree = "<group>"; };
		DC1C309F1B5E4142007AF986 /* main.m */ = {isa = PBXFileReference; lastKnownFileType = sourcecode.c.objc; path = main.m; sourceTree = "<group>"; };
		DC1C30A11B5E4142007AF986 /* AppDelegate.h */ = {isa = PBXFileReference; lastKnownFileType = sourcecode.c.h; path = AppDelegate.h; sourceTree = "<group>"; };
		DC1C30A21B5E4142007AF986 /* AppDelegate.m */ = {isa = PBXFileReference; lastKnownFileType = sourcecode.c.objc; path = AppDelegate.m; sourceTree = "<group>"; };
		DC1C30A41B5E4142007AF986 /* ViewController.h */ = {isa = PBXFileReference; lastKnownFileType = sourcecode.c.h; path = ViewController.h; sourceTree = "<group>"; };
		DC1C30A51B5E4142007AF986 /* ViewController.m */ = {isa = PBXFileReference; lastKnownFileType = sourcecode.c.objc; path = ViewController.m; sourceTree = "<group>"; };
		DC1C30A81B5E4142007AF986 /* Base */ = {isa = PBXFileReference; lastKnownFileType = file.storyboard; name = Base; path = Base.lproj/Main.storyboard; sourceTree = "<group>"; };
		DC1C30AA1B5E4142007AF986 /* Images.xcassets */ = {isa = PBXFileReference; lastKnownFileType = folder.assetcatalog; path = Images.xcassets; sourceTree = "<group>"; };
		DC1C30AD1B5E4142007AF986 /* Base */ = {isa = PBXFileReference; lastKnownFileType = file.xib; name = Base; path = Base.lproj/LaunchScreen.xib; sourceTree = "<group>"; };
		DC1C30B31B5E4142007AF986 /* TextProgressTests.xctest */ = {isa = PBXFileReference; explicitFileType = wrapper.cfbundle; includeInIndex = 0; path = TextProgressTests.xctest; sourceTree = BUILT_PRODUCTS_DIR; };
		DC1C30B81B5E4142007AF986 /* Info.plist */ = {isa = PBXFileReference; lastKnownFileType = text.plist.xml; path = Info.plist; sourceTree = "<group>"; };
		DC1C30B91B5E4142007AF986 /* TextProgressTests.m */ = {isa = PBXFileReference; lastKnownFileType = sourcecode.c.objc; path = TextProgressTests.m; sourceTree = "<group>"; };
		DC1C30C31B5E45D8007AF986 /* TextProgressView.h */ = {isa = PBXFileReference; fileEncoding = 4; lastKnownFileType = sourcecode.c.h; path = TextProgressView.h; sourceTree = "<group>"; };
		DC1C30C41B5E45D8007AF986 /* TextProgressView.m */ = {isa = PBXFileReference; fileEncoding = 4; lastKnownFileType = sourcecode.c.objc; path = TextProgressView.m; sourceTree = "<group>"; };
		DC1C30C61B5E48C6007AF986 /* CoreText.framework */ = {isa = PBXFileReference; lastKnownFileType = wrapper.framework; name = CoreText.framework; path = System/Library/Frameworks/CoreText.framework; sourceTree = SDKROOT; };
/* End PBXFileReference section */

/* Begin PBXFrameworksBuildPhase section */
		DC1C30971B5E4142007AF986 /* Frameworks */ = {
			isa = PBXFrameworksBuildPhase;
			buildActionMask = 2147483647;
			files = (
				DC1C30C71B5E48C6007AF986 /* CoreText.framework in Frameworks */,
			);
			runOnlyForDeploymentPostprocessing = 0;
		};
		DC1C30B01B5E4142007AF986 /* Frameworks */ = {
			isa = PBXFrameworksBuildPhase;
			buildActionMask = 2147483647;
			files = (
			);
			runOnlyForDeploymentPostprocessing = 0;
		};
/* End PBXFrameworksBuildPhase section */

/* Begin PBXGroup section */
		DC1C30911B5E4142007AF986 = {
			isa = PBXGroup;
			children = (
				DC1C30C61B5E48C6007AF986 /* CoreText.framework */,
				DC1C309C1B5E4142007AF986 /* TextProgress */,
				DC1C30B61B5E4142007AF986 /* TextProgressTests */,
				DC1C309B1B5E4142007AF986 /* Products */,
			);
			sourceTree = "<group>";
		};
		DC1C309B1B5E4142007AF986 /* Products */ = {
			isa = PBXGroup;
			children = (
				DC1C309A1B5E4142007AF986 /* TextProgress.app */,
				DC1C30B31B5E4142007AF986 /* TextProgressTests.xctest */,
			);
			name = Products;
			sourceTree = "<group>";
		};
		DC1C309C1B5E4142007AF986 /* TextProgress */ = {
			isa = PBXGroup;
			children = (
				DC1C30A11B5E4142007AF986 /* AppDelegate.h */,
				DC1C30A21B5E4142007AF986 /* AppDelegate.m */,
				DC1C30A41B5E4142007AF986 /* ViewController.h */,
				DC1C30A51B5E4142007AF986 /* ViewController.m */,
				DC1C30C31B5E45D8007AF986 /* TextProgressView.h */,
				DC1C30C41B5E45D8007AF986 /* TextProgressView.m */,
				DC1C30A71B5E4142007AF986 /* Main.storyboard */,
				DC1C30AA1B5E4142007AF986 /* Images.xcassets */,
				DC1C30AC1B5E4142007AF986 /* LaunchScreen.xib */,
				DC1C309D1B5E4142007AF986 /* Supporting Files */,
			);
			path = TextProgress;
			sourceTree = "<group>";
		};
		DC1C309D1B5E4142007AF986 /* Supporting Files */ = {
			isa = PBXGroup;
			children = (
				DC1C309E1B5E4142007AF986 /* Info.plist */,
				DC1C309F1B5E4142007AF986 /* main.m */,
			);
			name = "Supporting Files";
			sourceTree = "<group>";
		};
		DC1C30B61B5E4142007AF986 /* TextProgressTests */ = {
			isa = PBXGroup;
			children = (
				DC1C30B91B5E4142007AF986 /* TextProgressTests.m */,
				DC1C30B71B5E4142007AF986 /* Supporting Files */,
			);
			path = TextProgressTests;
			sourceTree = "<group>";
		};
		DC1C30B71B5E4142007AF986 /* Supporting Files */ = {
			isa = PBXGroup;
			children = (
				DC1C30B81B5E4142007AF986 /* Info.plist */,
			);
			name = "Supporting Files";
			sourceTree = "<group>";
		};
/* End PBXGroup section */

/* Begin PBXNativeTarget section */
		DC1C30991B5E4142007AF986 /* TextProgress */ = {
			isa = PBXNativeTarget;
			buildConfigurationList = DC1C30BD1B5E4142007AF986 /* Build configuration list for PBXNativeTarget "TextProgress" */;
			buildPhases = (
				DC1C30961B5E4142007AF986 /* Sources */,
				DC1C30971B5E4142007AF986 /* Frameworks */,
				DC1C30981B5E4142007AF986 /* Resources */,
			);
			buildRules = (
			);
			dependencies = (
			);
			name = TextProgress;
			productName = TextProgress;
			productReference = DC1C309A1B5E4142007AF986 /* TextProgress.app */;
			productType = "com.apple.product-type.application";
		};
		DC1C30B21B5E4142007AF986 /* TextProgressTests */ = {
			isa = PBXNativeTarget;
			buildConfigurationList = DC1C30C01B5E4142007AF986 /* Build configuration list for PBXNativeTarget "TextProgressTests" */;
			buildPhases = (
				DC1C30AF1B5E4142007AF986 /* Sources */,
				DC1C30B01B5E4142007AF986 /* Frameworks */,
				DC1C30B11B5E4142007AF986 /* Resources */,
			);
			buildRules = (
			);
			dependencies = (
				DC1C30B51B5E4142007AF986 /* PBXTargetDependency */,
			);
			name = TextProgressTests;
			productName = TextProgressTests;
			productReference = DC1C30B31B5E4142007AF986 /* TextProgressTests.xctest */;
			productType = "com.apple.product-type.bundle.unit-test";
		};
/* End PBXNativeTarget section */

/* Begin PBXProject section */
		DC1C30921B5E4142007AF986 /* Project object */ = {
			isa = PBXProject;
			attributes = {
				LastUpgradeCheck = 0640;
				ORGANIZATIONNAME = Adinnet;
				TargetAttributes = {
					DC1C30991B5E4142007AF986 = {
						CreatedOnToolsVersion = 6.4;
					};
					DC1C30B21B5E4142007AF986 = {
						CreatedOnToolsVersion = 6.4;
						TestTargetID = DC1C30991B5E4142007AF986;
					};
				};
			};
			buildConfigurationList = DC1C30951B5E4142007AF986 /* Build configuration list for PBXProject "TextProgress" */;
			compatibilityVersion = "Xcode 3.2";
			developmentRegion = English;
			hasScannedForEncodings = 0;
			knownRegions = (
				en,
				Base,
			);
			mainGroup = DC1C30911B5E4142007AF986;
			productRefGroup = DC1C309B1B5E4142007AF986 /* Products */;
			projectDirPath = "";
			projectRoot = "";
			targets = (
				DC1C30991B5E4142007AF986 /* TextProgress */,
				DC1C30B21B5E4142007AF986 /* TextProgressTests */,
			);
		};
/* End PBXProject section */

/* Begin PBXResourcesBuildPhase section */
		DC1C30981B5E4142007AF986 /* Resources */ = {
			isa = PBXResourcesBuildPhase;
			buildActionMask = 2147483647;
			files = (
				DC1C30A91B5E4142007AF986 /* Main.storyboard in Resources */,
				DC1C30AE1B5E4142007AF986 /* LaunchScreen.xib in Resources */,
				DC1C30AB1B5E4142007AF986 /* Images.xcassets in Resources */,
			);
			runOnlyForDeploymentPostprocessing = 0;
		};
		DC1C30B11B5E4142007AF986 /* Resources */ = {
			isa = PBXResourcesBuildPhase;
			buildActionMask = 2147483647;
			files = (
			);
			runOnlyForDeploymentPostprocessing = 0;
		};
/* End PBXResourcesBuildPhase section */

/* Begin PBXSourcesBuildPhase section */
		DC1C30961B5E4142007AF986 /* Sources */ = {
			isa = PBXSourcesBuildPhase;
			buildActionMask = 2147483647;
			files = (
				DC1C30A61B5E4142007AF986 /* ViewController.m in Sources */,
				DC1C30C51B5E45D8007AF986 /* TextProgressView.m in Sources */,
				DC1C30A31B5E4142007AF986 /* AppDelegate.m in Sources */,
				DC1C30A01B5E4142007AF986 /* main.m in Sources */,
			);
			runOnlyForDeploymentPostprocessing = 0;
		};
		DC1C30AF1B5E4142007AF986 /* Sources */ = {
			isa = PBXSourcesBuildPhase;
			buildActionMask = 2147483647;
			files = (
				DC1C30BA1B5E4142007AF986 /* TextProgressTests.m in Sources */,
			);
			runOnlyForDeploymentPostprocessing = 0;
		};
/* End PBXSourcesBuildPhase section */

/* Begin PBXTargetDependency section */
		DC1C30B51B5E4142007AF986 /* PBXTargetDependency */ = {
			isa = PBXTargetDependency;
			target = DC1C30991B5E4142007AF986 /* TextProgress */;
			targetProxy = DC1C30B41B5E4142007AF986 /* PBXContainerItemProxy */;
		};
/* End PBXTargetDependency section */

/* Begin PBXVariantGroup section */
		DC1C30A71B5E4142007AF986 /* Main.storyboard */ = {
			isa = PBXVariantGroup;
			children = (
				DC1C30A81B5E4142007AF986 /* Base */,
			);
			name = Main.storyboard;
			sourceTree = "<group>";
		};
		DC1C30AC1B5E4142007AF986 /* LaunchScreen.xib */ = {
			isa = PBXVariantGroup;
			children = (
				DC1C30AD1B5E4142007AF986 /* Base */,
			);
			name = LaunchScreen.xib;
			sourceTree = "<group>";
		};
/* End PBXVariantGroup section */

/* Begin XCBuildConfiguration section */
		DC1C30BB1B5E4142007AF986 /* Debug */ = {
			isa = XCBuildConfiguration;
			buildSettings = {
				ALWAYS_SEARCH_USER_PATHS = NO;
				CLANG_CXX_LANGUAGE_STANDARD = "gnu++0x";
				CLANG_CXX_LIBRARY = "libc++";
				CLANG_ENABLE_MODULES = YES;
				CLANG_ENABLE_OBJC_ARC = YES;
				CLANG_WARN_BOOL_CONVERSION = YES;
				CLANG_WARN_CONSTANT_CONVERSION = YES;
				CLANG_WARN_DIRECT_OBJC_ISA_USAGE = YES_ERROR;
				CLANG_WARN_EMPTY_BODY = YES;
				CLANG_WARN_ENUM_CONVERSION = YES;
				CLANG_WARN_INT_CONVERSION = YES;
				CLANG_WARN_OBJC_ROOT_CLASS = YES_ERROR;
				CLANG_WARN_UNREACHABLE_CODE = YES;
				CLANG_WARN__DUPLICATE_METHOD_MATCH = YES;
				"CODE_SIGN_IDENTITY[sdk=iphoneos*]" = "iPhone Developer";
				COPY_PHASE_STRIP = NO;
				DEBUG_INFORMATION_FORMAT = "dwarf-with-dsym";
				ENABLE_STRICT_OBJC_MSGSEND = YES;
				GCC_C_LANGUAGE_STANDARD = gnu99;
				GCC_DYNAMIC_NO_PIC = NO;
				GCC_NO_COMMON_BLOCKS = YES;
				GCC_OPTIMIZATION_LEVEL = 0;
				GCC_PREPROCESSOR_DEFINITIONS = (
					"DEBUG=1",
					"$(inherited)",
				);
				GCC_SYMBOLS_PRIVATE_EXTERN = NO;
				GCC_WARN_64_TO_32_BIT_CONVERSION = YES;
				GCC_WARN_ABOUT_RETURN_TYPE = YES_ERROR;
				GCC_WARN_UNDECLARED_SELECTOR = YES;
				GCC_WARN_UNINITIALIZED_AUTOS = YES_AGGRESSIVE;
				GCC_WARN_UNUSED_FUNCTION = YES;
				GCC_WARN_UNUSED_VARIABLE = YES;
				IPHONEOS_DEPLOYMENT_TARGET = 8.4;
				MTL_ENABLE_DEBUG_INFO = YES;
				ONLY_ACTIVE_ARCH = YES;
				SDKROOT = iphoneos;
			};
			name = Debug;
		};
		DC1C30BC1B5E4142007AF986 /* Release */ = {
			isa = XCBuildConfiguration;
			buildSettings = {
				ALWAYS_SEARCH_USER_PATHS = NO;
				CLANG_CXX_LANGUAGE_STANDARD = "gnu++0x";
				CLANG_CXX_LIBRARY = "libc++";
				CLANG_ENABLE_MODULES = YES;
				CLANG_ENABLE_OBJC_ARC = YES;
				CLANG_WARN_BOOL_CONVERSION = YES;
				CLANG_WARN_CONSTANT_CONVERSION = YES;
				CLANG_WARN_DIRECT_OBJC_ISA_USAGE = YES_ERROR;
				CLANG_WARN_EMPTY_BODY = YES;
				CLANG_WARN_ENUM_CONVERSION = YES;
				CLANG_WARN_INT_CONVERSION = YES;
				CLANG_WARN_OBJC_ROOT_CLASS = YES_ERROR;
				CLANG_WARN_UNREACHABLE_CODE = YES;
				CLANG_WARN__DUPLICATE_METHOD_MATCH = YES;
				"CODE_SIGN_IDENTITY[sdk=iphoneos*]" = "iPhone Developer";
				COPY_PHASE_STRIP = NO;
				DEBUG_INFORMATION_FORMAT = "dwarf-with-dsym";
				ENABLE_NS_ASSERTIONS = NO;
				ENABLE_STRICT_OBJC_MSGSEND = YES;
				GCC_C_LANGUAGE_STANDARD = gnu99;
				GCC_NO_COMMON_BLOCKS = YES;
				GCC_WARN_64_TO_32_BIT_CONVERSION = YES;
				GCC_WARN_ABOUT_RETURN_TYPE = YES_ERROR;
				GCC_WARN_UNDECLARED_SELECTOR = YES;
				GCC_WARN_UNINITIALIZED_AUTOS = YES_AGGRESSIVE;
				GCC_WARN_UNUSED_FUNCTION = YES;
				GCC_WARN_UNUSED_VARIABLE = YES;
				IPHONEOS_DEPLOYMENT_TARGET = 8.4;
				MTL_ENABLE_DEBUG_INFO = NO;
				SDKROOT = iphoneos;
				VALIDATE_PRODUCT = YES;
			};
			name = Release;
		};
		DC1C30BE1B5E4142007AF986 /* Debug */ = {
			isa = XCBuildConfiguration;
			buildSettings = {
				ASSETCATALOG_COMPILER_APPICON_NAME = AppIcon;
				INFOPLIST_FILE = TextProgress/Info.plist;
				LD_RUNPATH_SEARCH_PATHS = "$(inherited) @executable_path/Frameworks";
				PRODUCT_NAME = "$(TARGET_NAME)";
			};
			name = Debug;
		};
		DC1C30BF1B5E4142007AF986 /* Release */ = {
			isa = XCBuildConfiguration;
			buildSettings = {
				ASSETCATALOG_COMPILER_APPICON_NAME = AppIcon;
				INFOPLIST_FILE = TextProgress/Info.plist;
				LD_RUNPATH_SEARCH_PATHS = "$(inherited) @executable_path/Frameworks";
				PRODUCT_NAME = "$(TARGET_NAME)";
			};
			name = Release;
		};
		DC1C30C11B5E4142007AF986 /* Debug */ = {
			isa = XCBuildConfiguration;
			buildSettings = {
				BUNDLE_LOADER = "$(TEST_HOST)";
				FRAMEWORK_SEARCH_PATHS = (
					"$(SDKROOT)/Developer/Library/Frameworks",
					"$(inherited)",
				);
				GCC_PREPROCESSOR_DEFINITIONS = (
					"DEBUG=1",
					"$(inherited)",
				);
				INFOPLIST_FILE = TextProgressTests/Info.plist;
				LD_RUNPATH_SEARCH_PATHS = "$(inherited) @executable_path/Frameworks @loader_path/Frameworks";
				PRODUCT_NAME = "$(TARGET_NAME)";
				TEST_HOST = "$(BUILT_PRODUCTS_DIR)/TextProgress.app/TextProgress";
			};
			name = Debug;
		};
		DC1C30C21B5E4142007AF986 /* Release */ = {
			isa = XCBuildConfiguration;
			buildSettings = {
				BUNDLE_LOADER = "$(TEST_HOST)";
				FRAMEWORK_SEARCH_PATHS = (
					"$(SDKROOT)/Developer/Library/Frameworks",
					"$(inherited)",
				);
				INFOPLIST_FILE = TextProgressTests/Info.plist;
				LD_RUNPATH_SEARCH_PATHS = "$(inherited) @executable_path/Frameworks @loader_path/Frameworks";
				PRODUCT_NAME = "$(TARGET_NAME)";
				TEST_HOST = "$(BUILT_PRODUCTS_DIR)/TextProgress.app/TextProgress";
			};
			name = Release;
		};
/* End XCBuildConfiguration section */

/* Begin XCConfigurationList section */
		DC1C30951B5E4142007AF986 /* Build configuration list for PBXProject "TextProgress" */ = {
			isa = XCConfigurationList;
			buildConfigurations = (
				DC1C30BB1B5E4142007AF986 /* Debug */,
				DC1C30BC1B5E4142007AF986 /* Release */,
			);
			defaultConfigurationIsVisible = 0;
			defaultConfigurationName = Release;
		};
		DC1C30BD1B5E4142007AF986 /* Build configuration list for PBXNativeTarget "TextProgress" */ = {
			isa = XCConfigurationList;
			buildConfigurations = (
				DC1C30BE1B5E4142007AF986 /* Debug */,
				DC1C30BF1B5E4142007AF986 /* Release */,
			);
			defaultConfigurationIsVisible = 0;
			defaultConfigurationName = Release;
		};
		DC1C30C01B5E4142007AF986 /* Build configuration list for PBXNativeTarget "TextProgressTests" */ = {
			isa = XCConfigurationList;
			buildConfigurations = (
				DC1C30C11B5E4142007AF986 /* Debug */,
				DC1C30C21B5E4142007AF986 /* Release */,
			);
			defaultConfigurationIsVisible = 0;
			defaultConfigurationName = Release;
		};
/* End XCConfigurationList section */
	};
	rootObject = DC1C30921B5E4142007AF986 /* Project object */;
}
